{
  "name": "@appneurox/researchos",
  "version": "1.0.0",
  "lockfileVersion": 3,
  "requires": true,
  "packages": {
    "": {
      "name": "@appneurox/researchos",
      "version": "1.0.0",
      "license": "MIT",
      "dependencies": {
        "@appneural/os-audit": "file:../../APPNEURAL-Packages/os-audit",
        "@appneural/os-config": "file:../../APPNEURAL-Packages/os-config",
        "@appneural/os-core": "file:../../APPNEURAL-Packages/os-core",
        "@appneural/os-docs": "file:../../APPNEURAL-Packages/os-docs",
        "@appneural/os-events": "file:../../APPNEURAL-Packages/os-events",
        "@appneural/os-http": "file:../../APPNEURAL-Packages/os-http",
        "@appneural/os-security": "file:../../APPNEURAL-Packages/os-security",
        "@appneural/os-store": "file:../../APPNEURAL-Packages/os-store",
        "@appneural/os-testing": "file:../../APPNEURAL-Packages/os-testing",
        "@appneural/os-types": "file:../../APPNEURAL-Packages/os-types",
        "@appneural/os-validation": "file:../../APPNEURAL-Packages/os-validation"
      },
      "devDependencies": {
        "@types/node": "^22.7.5",
        "typescript": "^5.6.3"
      },
      "engines": {
        "node": ">=20"
      }
    },
    "../../APPNEURAL-Packages/os-audit": {},
    "../../APPNEURAL-Packages/os-config": {},
    "../../APPNEURAL-Packages/os-core": {},
    "../../APPNEURAL-Packages/os-docs": {},
    "../../APPNEURAL-Packages/os-events": {},
    "../../APPNEURAL-Packages/os-http": {},
    "../../APPNEURAL-Packages/os-security": {},
    "../../APPNEURAL-Packages/os-store": {},
    "../../APPNEURAL-Packages/os-testing": {},
    "../../APPNEURAL-Packages/os-types": {},
    "../../APPNEURAL-Packages/os-validation": {},
    "node_modules/@appneural/os-audit": {
      "resolved": "../../APPNEURAL-Packages/os-audit",
      "link": true
    },
    "node_modules/@appneural/os-config": {
      "resolved": "../../APPNEURAL-Packages/os-config",
      "link": true
    },
    "node_modules/@appneural/os-core": {
      "resolved": "../../APPNEURAL-Packages/os-core",
      "link": true
    },
    "node_modules/@appneural/os-docs": {
      "resolved": "../../APPNEURAL-Packages/os-docs",
      "link": true
    },
    "node_modules/@appneural/os-events": {
      "resolved": "../../APPNEURAL-Packages/os-events",
      "link": true
    },
    "node_modules/@appneural/os-http": {
      "resolved": "../../APPNEURAL-Packages/os-http",
      "link": true
    },
    "node_modules/@appneural/os-security": {
      "resolved": "../../APPNEURAL-Packages/os-security",
      "link": true
    },
    "node_modules/@appneural/os-store": {
      "resolved": "../../APPNEURAL-Packages/os-store",
      "link": true
    },
    "node_modules/@appneural/os-testing": {
      "resolved": "../../APPNEURAL-Packages/os-testing",
      "link": true
    },
    "node_modules/@appneural/os-types": {
      "resolved": "../../APPNEURAL-Packages/os-types",
      "link": true
    },
    "node_modules/@appneural/os-validation": {
      "resolved": "../../APPNEURAL-Packages/os-validation",
      "link": true
    },
    "node_modules/@types/node": {
      "version": "22.19.19",
      "resolved": "https://registry.npmjs.org/@types/node/-/node-22.19.19.tgz",
      "integrity": "sha512-dyh/xO2Fh5bYrfWaaqGrRQQGkNdmYw6AmaAUvYeUMNTWQtvb796ikLdmTchRmOlOiIJ1TDXfWgVx1QkUlQ6Hew==",
      "dev": true,
      "license": "MIT",
      "dependencies": {
        "undici-types": "~6.21.0"
      }
    },
    "node_modules/typescript": {
      "version": "5.9.3",
      "resolved": "https://registry.npmjs.org/typescript/-/typescript-5.9.3.tgz",
      "integrity": "sha512-jl1vZzPDinLr9eUt3J/t7V6FgNEw9QjvBPdysz9KfQDD41fQrC2Y4vKQdiaUpFT4bXlb1RHhLpp8wtm6M5TgSw==",
      "dev": true,
      "license": "Apache-2.0",
      "bin": {
        "tsc": "bin/tsc",
        "tsserver": "bin/tsserver"
      },
      "engines": {
        "node": ">=14.17"
      }
    },
    "node_modules/undici-types": {
      "version": "6.21.0",
      "resolved": "https://registry.npmjs.org/undici-types/-/undici-types-6.21.0.tgz",
      "integrity": "sha512-iwDZqg0QAGrg9Rav5H4n0M64c3mkR59cJ6wQp+7C4nI0gsmExaedaYLNO44eT4AtBBwjbTiGPMlt2Md0T9H9JQ==",
      "dev": true,
      "license": "MIT"
    }
  }
}
